
Microsoft Visual Studio Solution File, Format Version 12.00
# Visual Studio Version 17
VisualStudioVersion = 17.14.37012.4 d17.14
MinimumVisualStudioVersion = 10.0.40219.1
Project("{FAE04EC0-301F-11D3-BF4B-00C04F79EFBC}") = "Pr02_SaraYueMadrugaMartin", "Pr02_SaraYueMadrugaMartin\Pr02_SaraYueMadrugaMartin.csproj", "{63A70404-AEF1-4649-A5E7-9736009AD59B}"
EndProject
Global
	GlobalSection(SolutionConfigurationPlatforms) = preSolution
		Debug|Any CPU = Debug|Any CPU
		Release|Any CPU = Release|Any CPU
	EndGlobalSection
	GlobalSection(ProjectConfigurationPlatforms) = postSolution
		{63A70404-AEF1-4649-A5E7-9736009AD59B}.Debug|Any CPU.ActiveCfg = Debug|Any CPU
		{63A70404-AEF1-4649-A5E7-9736009AD59B}.Debug|Any CPU.Build.0 = Debug|Any CPU
		{63A70404-AEF1-4649-A5E7-9736009AD59B}.Release|Any CPU.ActiveCfg = Release|Any CPU
		{63A70404-AEF1-4649-A5E7-9736009AD59B}.Release|Any CPU.Build.0 = Release|Any CPU
	EndGlobalSection
	GlobalSection(SolutionProperties) = preSolution
		HideSolutionNode = FALSE
	EndGlobalSection
	GlobalSection(ExtensibilityGlobals) = postSolution
		SolutionGuid = {1C9F4CF6-2662-4055-BCB1-F18CEFC650CA}
	EndGlobalSection
EndGlobal
